// !$*UTF8*$!
{
	archiveVersion = 1;
	classes = {
	};
	objectVersion = 46;
	objects = {

/* Begin PBXBuildFile section */
		0A8203CC1F2F9A6E008F9133 /* MenuTableViewController.swift in Sources */ = {isa = PBXBuildFile; fileRef = 0A8203CB1F2F9A6E008F9133 /* MenuTableViewController.swift */; };
		74DFF3C21F2A4FB40059E6C7 /* AppDelegate.swift in Sources */ = {isa = PBXBuildFile; fileRef = 74DFF3C11F2A4FB40059E6C7 /* AppDelegate.swift */; };
		74DFF3C41F2A4FB40059E6C7 /* ViewController.swift in Sources */ = {isa = PBXBuildFile; fileRef = 74DFF3C31F2A4FB40059E6C7 /* ViewController.swift */; };
		74DFF3C71F2A4FB40059E6C7 /* Main.storyboard in Resources */ = {isa = PBXBuildFile; fileRef = 74DFF3C51F2A4FB40059E6C7 /* Main.storyboard */; };
		74DFF3C91F2A4FB40059E6C7 /* Assets.xcassets in Resources */ = {isa = PBXBuildFile; fileRef = 74DFF3C81F2A4FB40059E6C7 /* Assets.xcassets */; };
		74DFF3CC1F2A4FB40059E6C7 /* LaunchScreen.storyboard in Resources */ = {isa = PBXBuildFile; fileRef = 74DFF3CA1F2A4FB40059E6C7 /* LaunchScreen.storyboard */; };
		74DFF3D71F2A4FB40059E6C7 /* AidKitTests.swift in Sources */ = {isa = PBXBuildFile; fileRef = 74DFF3D61F2A4FB40059E6C7 /* AidKitTests.swift */; };
		74DFF3E21F2A4FB40059E6C7 /* AidKitUITests.swift in Sources */ = {isa = PBXBuildFile; fileRef = 74DFF3E11F2A4FB40059E6C7 /* AidKitUITests.swift */; };
		74DFF3F01F2A4FCE0059E6C7 /* Recorder.swift in Sources */ = {isa = PBXBuildFile; fileRef = 74DFF3EF1F2A4FCE0059E6C7 /* Recorder.swift */; };
		74DFF3F21F2A6B870059E6C7 /* UIWindow+EventInterceptor.swift in Sources */ = {isa = PBXBuildFile; fileRef = 74DFF3F11F2A6B870059E6C7 /* UIWindow+EventInterceptor.swift */; };
		74DFF3F41F2A6E330059E6C7 /* Visualizer.swift in Sources */ = {isa = PBXBuildFile; fileRef = 74DFF3F31F2A6E330059E6C7 /* Visualizer.swift */; };
		74DFF3F81F2A701C0059E6C7 /* AKManager.swift in Sources */ = {isa = PBXBuildFile; fileRef = 74DFF3F71F2A701C0059E6C7 /* AKManager.swift */; };
		74DFF3FA1F2A70950059E6C7 /* Configuration.swift in Sources */ = {isa = PBXBuildFile; fileRef = 74DFF3F91F2A70950059E6C7 /* Configuration.swift */; };
		74DFF3FC1F2A71C90059E6C7 /* Shape.swift in Sources */ = {isa = PBXBuildFile; fileRef = 74DFF3FB1F2A71C90059E6C7 /* Shape.swift */; };
		74DFF3FE1F2A7B1B0059E6C7 /* AidKit.png in Resources */ = {isa = PBXBuildFile; fileRef = 74DFF3FD1F2A7B1B0059E6C7 /* AidKit.png */; };
/* End PBXBuildFile section */

/* Begin PBXContainerItemProxy section */
		74DFF3D31F2A4FB40059E6C7 /* PBXContainerItemProxy */ = {
			isa = PBXContainerItemProxy;
			containerPortal = 74DFF3B61F2A4FB40059E6C7 /* Project object */;
			proxyType = 1;
			remoteGlobalIDString = 74DFF3BD1F2A4FB40059E6C7;
			remoteInfo = AidKit;
		};
		74DFF3DE1F2A4FB40059E6C7 /* PBXContainerItemProxy */ = {
			isa = PBXContainerItemProxy;
			containerPortal = 74DFF3B61F2A4FB40059E6C7 /* Project object */;
			proxyType = 1;
			remoteGlobalIDString = 74DFF3BD1F2A4FB40059E6C7;
			remoteInfo = AidKit;
		};
/* End PBXContainerItemProxy section */

/* Begin PBXFileReference section */
		0A8203CB1F2F9A6E008F9133 /* MenuTableViewController.swift */ = {isa = PBXFileReference; lastKnownFileType = sourcecode.swift; path = MenuTableViewController.swift; sourceTree = "<group>"; };
		74DFF3BE1F2A4FB40059E6C7 /* AidKit.app */ = {isa = PBXFileReference; explicitFileType = wrapper.application; includeInIndex = 0; path = AidKit.app; sourceTree = BUILT_PRODUCTS_DIR; };
		74DFF3C11F2A4FB40059E6C7 /* AppDelegate.swift */ = {isa = PBXFileReference; lastKnownFileType = sourcecode.swift; path = AppDelegate.swift; sourceTree = "<group>"; };
		74DFF3C31F2A4FB40059E6C7 /* ViewController.swift */ = {isa = PBXFileReference; lastKnownFileType = sourcecode.swift; path = ViewController.swift; sourceTree = "<group>"; };
		74DFF3C61F2A4FB40059E6C7 /* Base */ = {isa = PBXFileReference; lastKnownFileType = file.storyboard; name = Base; path = Base.lproj/Main.storyboard; sourceTree = "<group>"; };
		74DFF3C81F2A4FB40059E6C7 /* Assets.xcassets */ = {isa = PBXFileReference; lastKnownFileType = folder.assetcatalog; path = Assets.xcassets; sourceTree = "<group>"; };
		74DFF3CB1F2A4FB40059E6C7 /* Base */ = {isa = PBXFileReference; lastKnownFileType = file.storyboard; name = Base; path = Base.lproj/LaunchScreen.storyboard; sourceTree = "<group>"; };
		74DFF3CD1F2A4FB40059E6C7 /* Info.plist */ = {isa = PBXFileReference; lastKnownFileType = text.plist.xml; path = Info.plist; sourceTree = "<group>"; };
		74DFF3D21F2A4FB40059E6C7 /* AidKitTests.xctest */ = {isa = PBXFileReference; explicitFileType = wrapper.cfbundle; includeInIndex = 0; path = AidKitTests.xctest; sourceTree = BUILT_PRODUCTS_DIR; };
		74DFF3D61F2A4FB40059E6C7 /* AidKitTests.swift */ = {isa = PBXFileReference; lastKnownFileType = sourcecode.swift; path = AidKitTests.swift; sourceTree = "<group>"; };
		74DFF3D81F2A4FB40059E6C7 /* Info.plist */ = {isa = PBXFileReference; lastKnownFileType = text.plist.xml; path = Info.plist; sourceTree = "<group>"; };
		74DFF3DD1F2A4FB40059E6C7 /* AidKitUITests.xctest */ = {isa = PBXFileReference; explicitFileType = wrapper.cfbundle; includeInIndex = 0; path = AidKitUITests.xctest; sourceTree = BUILT_PRODUCTS_DIR; };
		74DFF3E11F2A4FB40059E6C7 /* AidKitUITests.swift */ = {isa = PBXFileReference; lastKnownFileType = sourcecode.swift; path = AidKitUITests.swift; sourceTree = "<group>"; };
		74DFF3E31F2A4FB40059E6C7 /* Info.plist */ = {isa = PBXFileReference; lastKnownFileType = text.plist.xml; path = Info.plist; sourceTree = "<group>"; };
		74DFF3EF1F2A4FCE0059E6C7 /* Recorder.swift */ = {isa = PBXFileReference; fileEncoding = 4; lastKnownFileType = sourcecode.swift; path = Recorder.swift; sourceTree = "<group>"; };
		74DFF3F11F2A6B870059E6C7 /* UIWindow+EventInterceptor.swift */ = {isa = PBXFileReference; fileEncoding = 4; lastKnownFileType = sourcecode.swift; path = "UIWindow+EventInterceptor.swift"; sourceTree = "<group>"; };
		74DFF3F31F2A6E330059E6C7 /* Visualizer.swift */ = {isa = PBXFileReference; fileEncoding = 4; lastKnownFileType = sourcecode.swift; path = Visualizer.swift; sourceTree = "<group>"; };
		74DFF3F71F2A701C0059E6C7 /* AKManager.swift */ = {isa = PBXFileReference; fileEncoding = 4; lastKnownFileType = sourcecode.swift; path = AKManager.swift; sourceTree = "<group>"; };
		74DFF3F91F2A70950059E6C7 /* Configuration.swift */ = {isa = PBXFileReference; fileEncoding = 4; lastKnownFileType = sourcecode.swift; path = Configuration.swift; sourceTree = "<group>"; };
		74DFF3FB1F2A71C90059E6C7 /* Shape.swift */ = {isa = PBXFileReference; fileEncoding = 4; lastKnownFileType = sourcecode.swift; path = Shape.swift; sourceTree = "<group>"; };
		74DFF3FD1F2A7B1B0059E6C7 /* AidKit.png */ = {isa = PBXFileReference; lastKnownFileType = image.png; path = AidKit.png; sourceTree = "<group>"; };
/* End PBXFileReference section */

/* Begin PBXFrameworksBuildPhase section */
		74DFF3BB1F2A4FB40059E6C7 /* Frameworks */ = {
			isa = PBXFrameworksBuildPhase;
			buildActionMask = 2147483647;
			files = (
			);
			runOnlyForDeploymentPostprocessing = 0;
		};
		74DFF3CF1F2A4FB40059E6C7 /* Frameworks */ = {
			isa = PBXFrameworksBuildPhase;
			buildActionMask = 2147483647;
			files = (
			);
			runOnlyForDeploymentPostprocessing = 0;
		};
		74DFF3DA1F2A4FB40059E6C7 /* Frameworks */ = {
			isa = PBXFrameworksBuildPhase;
			buildActionMask = 2147483647;
			files = (
			);
			runOnlyForDeploymentPostprocessing = 0;
		};
/* End PBXFrameworksBuildPhase section */

/* Begin PBXGroup section */
		74DFF3B51F2A4FB40059E6C7 = {
			isa = PBXGroup;
			children = (
				74DFF3C01F2A4FB40059E6C7 /* AidKit */,
				74DFF3D51F2A4FB40059E6C7 /* AidKitTests */,
				74DFF3E01F2A4FB40059E6C7 /* AidKitUITests */,
				74DFF3BF1F2A4FB40059E6C7 /* Products */,
			);
			sourceTree = "<group>";
		};
		74DFF3BF1F2A4FB40059E6C7 /* Products */ = {
			isa = PBXGroup;
			children = (
				74DFF3BE1F2A4FB40059E6C7 /* AidKit.app */,
				74DFF3D21F2A4FB40059E6C7 /* AidKitTests.xctest */,
				74DFF3DD1F2A4FB40059E6C7 /* AidKitUITests.xctest */,
			);
			name = Products;
			sourceTree = "<group>";
		};
		74DFF3C01F2A4FB40059E6C7 /* AidKit */ = {
			isa = PBXGroup;
			children = (
				74DFF3FD1F2A7B1B0059E6C7 /* AidKit.png */,
				74DFF3F91F2A70950059E6C7 /* Configuration.swift */,
				74DFF3F71F2A701C0059E6C7 /* AKManager.swift */,
				74DFF3F31F2A6E330059E6C7 /* Visualizer.swift */,
				74DFF3EF1F2A4FCE0059E6C7 /* Recorder.swift */,
				74DFF3FB1F2A71C90059E6C7 /* Shape.swift */,
				74DFF3F11F2A6B870059E6C7 /* UIWindow+EventInterceptor.swift */,
				74DFF3C11F2A4FB40059E6C7 /* AppDelegate.swift */,
				74DFF3C31F2A4FB40059E6C7 /* ViewController.swift */,
				0A8203CB1F2F9A6E008F9133 /* MenuTableViewController.swift */,
				74DFF3C51F2A4FB40059E6C7 /* Main.storyboard */,
				74DFF3C81F2A4FB40059E6C7 /* Assets.xcassets */,
				74DFF3CA1F2A4FB40059E6C7 /* LaunchScreen.storyboard */,
				74DFF3CD1F2A4FB40059E6C7 /* Info.plist */,
			);
			path = AidKit;
			sourceTree = "<group>";
		};
		74DFF3D51F2A4FB40059E6C7 /* AidKitTests */ = {
			isa = PBXGroup;
			children = (
				74DFF3D61F2A4FB40059E6C7 /* AidKitTests.swift */,
				74DFF3D81F2A4FB40059E6C7 /* Info.plist */,
			);
			path = AidKitTests;
			sourceTree = "<group>";
		};
		74DFF3E01F2A4FB40059E6C7 /* AidKitUITests */ = {
			isa = PBXGroup;
			children = (
				74DFF3E11F2A4FB40059E6C7 /* AidKitUITests.swift */,
				74DFF3E31F2A4FB40059E6C7 /* Info.plist */,
			);
			path = AidKitUITests;
			sourceTree = "<group>";
		};
/* End PBXGroup section */

/* Begin PBXNativeTarget section */
		74DFF3BD1F2A4FB40059E6C7 /* AidKit */ = {
			isa = PBXNativeTarget;
			buildConfigurationList = 74DFF3E61F2A4FB40059E6C7 /* Build configuration list for PBXNativeTarget "AidKit" */;
			buildPhases = (
				74DFF3BA1F2A4FB40059E6C7 /* Sources */,
				74DFF3BB1F2A4FB40059E6C7 /* Frameworks */,
				74DFF3BC1F2A4FB40059E6C7 /* Resources */,
			);
			buildRules = (
			);
			dependencies = (
			);
			name = AidKit;
			productName = AidKit;
			productReference = 74DFF3BE1F2A4FB40059E6C7 /* AidKit.app */;
			productType = "com.apple.product-type.application";
		};
		74DFF3D11F2A4FB40059E6C7 /* AidKitTests */ = {
			isa = PBXNativeTarget;
			buildConfigurationList = 74DFF3E91F2A4FB40059E6C7 /* Build configuration list for PBXNativeTarget "AidKitTests" */;
			buildPhases = (
				74DFF3CE1F2A4FB40059E6C7 /* Sources */,
				74DFF3CF1F2A4FB40059E6C7 /* Frameworks */,
				74DFF3D01F2A4FB40059E6C7 /* Resources */,
			);
			buildRules = (
			);
			dependencies = (
				74DFF3D41F2A4FB40059E6C7 /* PBXTargetDependency */,
			);
			name = AidKitTests;
			productName = AidKitTests;
			productReference = 74DFF3D21F2A4FB40059E6C7 /* AidKitTests.xctest */;
			productType = "com.apple.product-type.bundle.unit-test";
		};
		74DFF3DC1F2A4FB40059E6C7 /* AidKitUITests */ = {
			isa = PBXNativeTarget;
			buildConfigurationList = 74DFF3EC1F2A4FB40059E6C7 /* Build configuration list for PBXNativeTarget "AidKitUITests" */;
			buildPhases = (
				74DFF3D91F2A4FB40059E6C7 /* Sources */,
				74DFF3DA1F2A4FB40059E6C7 /* Frameworks */,
				74DFF3DB1F2A4FB40059E6C7 /* Resources */,
			);
			buildRules = (
			);
			dependencies = (
				74DFF3DF1F2A4FB40059E6C7 /* PBXTargetDependency */,
			);
			name = AidKitUITests;
			productName = AidKitUITests;
			productReference = 74DFF3DD1F2A4FB40059E6C7 /* AidKitUITests.xctest */;
			productType = "com.apple.product-type.bundle.ui-testing";
		};
/* End PBXNativeTarget section */

/* Begin PBXProject section */
		74DFF3B61F2A4FB40059E6C7 /* Project object */ = {
			isa = PBXProject;
			attributes = {
				LastSwiftUpdateCheck = 0830;
				LastUpgradeCheck = 0830;
				ORGANIZATIONNAME = NativeNCreative;
				TargetAttributes = {
					74DFF3BD1F2A4FB40059E6C7 = {
						CreatedOnToolsVersion = 8.3.3;
						DevelopmentTeam = WX8P85V54A;
						ProvisioningStyle = Automatic;
					};
					74DFF3D11F2A4FB40059E6C7 = {
						CreatedOnToolsVersion = 8.3.3;
						DevelopmentTeam = WX8P85V54A;
						ProvisioningStyle = Automatic;
						TestTargetID = 74DFF3BD1F2A4FB40059E6C7;
					};
					74DFF3DC1F2A4FB40059E6C7 = {
						CreatedOnToolsVersion = 8.3.3;
						DevelopmentTeam = WX8P85V54A;
						ProvisioningStyle = Automatic;
						TestTargetID = 74DFF3BD1F2A4FB40059E6C7;
					};
				};
			};
			buildConfigurationList = 74DFF3B91F2A4FB40059E6C7 /* Build configuration list for PBXProject "AidKit" */;
			compatibilityVersion = "Xcode 3.2";
			developmentRegion = English;
			hasScannedForEncodings = 0;
			knownRegions = (
				en,
				Base,
			);
			mainGroup = 74DFF3B51F2A4FB40059E6C7;
			productRefGroup = 74DFF3BF1F2A4FB40059E6C7 /* Products */;
			projectDirPath = "";
			projectRoot = "";
			targets = (
				74DFF3BD1F2A4FB40059E6C7 /* AidKit */,
				74DFF3D11F2A4FB40059E6C7 /* AidKitTests */,
				74DFF3DC1F2A4FB40059E6C7 /* AidKitUITests */,
			);
		};
/* End PBXProject section */

/* Begin PBXResourcesBuildPhase section */
		74DFF3BC1F2A4FB40059E6C7 /* Resources */ = {
			isa = PBXResourcesBuildPhase;
			buildActionMask = 2147483647;
			files = (
				74DFF3CC1F2A4FB40059E6C7 /* LaunchScreen.storyboard in Resources */,
				74DFF3C91F2A4FB40059E6C7 /* Assets.xcassets in Resources */,
				74DFF3C71F2A4FB40059E6C7 /* Main.storyboard in Resources */,
				74DFF3FE1F2A7B1B0059E6C7 /* AidKit.png in Resources */,
			);
			runOnlyForDeploymentPostprocessing = 0;
		};
		74DFF3D01F2A4FB40059E6C7 /* Resources */ = {
			isa = PBXResourcesBuildPhase;
			buildActionMask = 2147483647;
			files = (
			);
			runOnlyForDeploymentPostprocessing = 0;
		};
		74DFF3DB1F2A4FB40059E6C7 /* Resources */ = {
			isa = PBXResourcesBuildPhase;
			buildActionMask = 2147483647;
			files = (
			);
			runOnlyForDeploymentPostprocessing = 0;
		};
/* End PBXResourcesBuildPhase section */

/* Begin PBXSourcesBuildPhase section */
		74DFF3BA1F2A4FB40059E6C7 /* Sources */ = {
			isa = PBXSourcesBuildPhase;
			buildActionMask = 2147483647;
			files = (
				74DFF3F21F2A6B870059E6C7 /* UIWindow+EventInterceptor.swift in Sources */,
				74DFF3F81F2A701C0059E6C7 /* AKManager.swift in Sources */,
				74DFF3FA1F2A70950059E6C7 /* Configuration.swift in Sources */,
				74DFF3F01F2A4FCE0059E6C7 /* Recorder.swift in Sources */,
				74DFF3F41F2A6E330059E6C7 /* Visualizer.swift in Sources */,
				0A8203CC1F2F9A6E008F9133 /* MenuTableViewController.swift in Sources */,
				74DFF3C41F2A4FB40059E6C7 /* ViewController.swift in Sources */,
				74DFF3C21F2A4FB40059E6C7 /* AppDelegate.swift in Sources */,
				74DFF3FC1F2A71C90059E6C7 /* Shape.swift in Sources */,
			);
			runOnlyForDeploymentPostprocessing = 0;
		};
		74DFF3CE1F2A4FB40059E6C7 /* Sources */ = {
			isa = PBXSourcesBuildPhase;
			buildActionMask = 2147483647;
			files = (
				74DFF3D71F2A4FB40059E6C7 /* AidKitTests.swift in Sources */,
			);
			runOnlyForDeploymentPostprocessing = 0;
		};
		74DFF3D91F2A4FB40059E6C7 /* Sources */ = {
			isa = PBXSourcesBuildPhase;
			buildActionMask = 2147483647;
			files = (
				74DFF3E21F2A4FB40059E6C7 /* AidKitUITests.swift in Sources */,
			);
			runOnlyForDeploymentPostprocessing = 0;
		};
/* End PBXSourcesBuildPhase section */

/* Begin PBXTargetDependency section */
		74DFF3D41F2A4FB40059E6C7 /* PBXTargetDependency */ = {
			isa = PBXTargetDependency;
			target = 74DFF3BD1F2A4FB40059E6C7 /* AidKit */;
			targetProxy = 74DFF3D31F2A4FB40059E6C7 /* PBXContainerItemProxy */;
		};
		74DFF3DF1F2A4FB40059E6C7 /* PBXTargetDependency */ = {
			isa = PBXTargetDependency;
			target = 74DFF3BD1F2A4FB40059E6C7 /* AidKit */;
			targetProxy = 74DFF3DE1F2A4FB40059E6C7 /* PBXContainerItemProxy */;
		};
/* End PBXTargetDependency section */

/* Begin PBXVariantGroup section */
		74DFF3C51F2A4FB40059E6C7 /* Main.storyboard */ = {
			isa = PBXVariantGroup;
			children = (
				74DFF3C61F2A4FB40059E6C7 /* Base */,
			);
			name = Main.storyboard;
			sourceTree = "<group>";
		};
		74DFF3CA1F2A4FB40059E6C7 /* LaunchScreen.storyboard */ = {
			isa = PBXVariantGroup;
			children = (
				74DFF3CB1F2A4FB40059E6C7 /* Base */,
			);
			name = LaunchScreen.storyboard;
			sourceTree = "<group>";
		};
/* End PBXVariantGroup section */

/* Begin XCBuildConfiguration section */
		74DFF3E41F2A4FB40059E6C7 /* Debug */ = {
			isa = XCBuildConfiguration;
			buildSettings = {
				ALWAYS_SEARCH_USER_PATHS = NO;
				CLANG_ANALYZER_NONNULL = YES;
				CLANG_ANALYZER_NUMBER_OBJECT_CONVERSION = YES_AGGRESSIVE;
				CLANG_CXX_LANGUAGE_STANDARD = "gnu++0x";
				CLANG_CXX_LIBRARY = "libc++";
				CLANG_ENABLE_MODULES = YES;
				CLANG_ENABLE_OBJC_ARC = YES;
				CLANG_WARN_BOOL_CONVERSION = YES;
				CLANG_WARN_CONSTANT_CONVERSION = YES;
				CLANG_WARN_DIRECT_OBJC_ISA_USAGE = YES_ERROR;
				CLANG_WARN_DOCUMENTATION_COMMENTS = YES;
				CLANG_WARN_EMPTY_BODY = YES;
				CLANG_WARN_ENUM_CONVERSION = YES;
				CLANG_WARN_INFINITE_RECURSION = YES;
				CLANG_WARN_INT_CONVERSION = YES;
				CLANG_WARN_OBJC_ROOT_CLASS = YES_ERROR;
				CLANG_WARN_SUSPICIOUS_MOVE = YES;
				CLANG_WARN_UNREACHABLE_CODE = YES;
				CLANG_WARN__DUPLICATE_METHOD_MATCH = YES;
				"CODE_SIGN_IDENTITY[sdk=iphoneos*]" = "iPhone Developer";
				COPY_PHASE_STRIP = NO;
				DEBUG_INFORMATION_FORMAT = dwarf;
				ENABLE_STRICT_OBJC_MSGSEND = YES;
				ENABLE_TESTABILITY = YES;
				GCC_C_LANGUAGE_STANDARD = gnu99;
				GCC_DYNAMIC_NO_PIC = NO;
				GCC_NO_COMMON_BLOCKS = YES;
				GCC_OPTIMIZATION_LEVEL = 0;
				GCC_PREPROCESSOR_DEFINITIONS = (
					"DEBUG=1",
					"$(inherited)",
				);
				GCC_WARN_64_TO_32_BIT_CONVERSION = YES;
				GCC_WARN_ABOUT_RETURN_TYPE = YES_ERROR;
				GCC_WARN_UNDECLARED_SELECTOR = YES;
				GCC_WARN_UNINITIALIZED_AUTOS = YES_AGGRESSIVE;
				GCC_WARN_UNUSED_FUNCTION = YES;
				GCC_WARN_UNUSED_VARIABLE = YES;
				IPHONEOS_DEPLOYMENT_TARGET = 10.3;
				MTL_ENABLE_DEBUG_INFO = YES;
				ONLY_ACTIVE_ARCH = YES;
				SDKROOT = iphoneos;
				SWIFT_ACTIVE_COMPILATION_CONDITIONS = DEBUG;
				SWIFT_OPTIMIZATION_LEVEL = "-Onone";
				TARGETED_DEVICE_FAMILY = "1,2";
			};
			name = Debug;
		};
		74DFF3E51F2A4FB40059E6C7 /* Release */ = {
			isa = XCBuildConfiguration;
			buildSettings = {
				ALWAYS_SEARCH_USER_PATHS = NO;
				CLANG_ANALYZER_NONNULL = YES;
				CLANG_ANALYZER_NUMBER_OBJECT_CONVERSION = YES_AGGRESSIVE;
				CLANG_CXX_LANGUAGE_STANDARD = "gnu++0x";
				CLANG_CXX_LIBRARY = "libc++";
				CLANG_ENABLE_MODULES = YES;
				CLANG_ENABLE_OBJC_ARC = YES;
				CLANG_WARN_BOOL_CONVERSION = YES;
				CLANG_WARN_CONSTANT_CONVERSION = YES;
				CLANG_WARN_DIRECT_OBJC_ISA_USAGE = YES_ERROR;
				CLANG_WARN_DOCUMENTATION_COMMENTS = YES;
				CLANG_WARN_EMPTY_BODY = YES;
				CLANG_WARN_ENUM_CONVERSION = YES;
				CLANG_WARN_INFINITE_RECURSION = YES;
				CLANG_WARN_INT_CONVERSION = YES;
				CLANG_WARN_OBJC_ROOT_CLASS = YES_ERROR;
				CLANG_WARN_SUSPICIOUS_MOVE = YES;
				CLANG_WARN_UNREACHABLE_CODE = YES;
				CLANG_WARN__DUPLICATE_METHOD_MATCH = YES;
				"CODE_SIGN_IDENTITY[sdk=iphoneos*]" = "iPhone Developer";
				COPY_PHASE_STRIP = NO;
				DEBUG_INFORMATION_FORMAT = "dwarf-with-dsym";
				ENABLE_NS_ASSERTIONS = NO;
				ENABLE_STRICT_OBJC_MSGSEND = YES;
				GCC_C_LANGUAGE_STANDARD = gnu99;
				GCC_NO_COMMON_BLOCKS = YES;
				GCC_WARN_64_TO_32_BIT_CONVERSION = YES;
				GCC_WARN_ABOUT_RETURN_TYPE = YES_ERROR;
				GCC_WARN_UNDECLARED_SELECTOR = YES;
				GCC_WARN_UNINITIALIZED_AUTOS = YES_AGGRESSIVE;
				GCC_WARN_UNUSED_FUNCTION = YES;
				GCC_WARN_UNUSED_VARIABLE = YES;
				IPHONEOS_DEPLOYMENT_TARGET = 10.3;
				MTL_ENABLE_DEBUG_INFO = NO;
				SDKROOT = iphoneos;
				SWIFT_OPTIMIZATION_LEVEL = "-Owholemodule";
				TARGETED_DEVICE_FAMILY = "1,2";
				VALIDATE_PRODUCT = YES;
			};
			name = Release;
		};
		74DFF3E71F2A4FB40059E6C7 /* Debug */ = {
			isa = XCBuildConfiguration;
			buildSettings = {
				ASSETCATALOG_COMPILER_APPICON_NAME = AppIcon;
				DEVELOPMENT_TEAM = WX8P85V54A;
				INFOPLIST_FILE = AidKit/Info.plist;
				LD_RUNPATH_SEARCH_PATHS = "$(inherited) @executable_path/Frameworks";
				PRODUCT_BUNDLE_IDENTIFIER = com.NativeNCreative.AidKit.AidKit;
				PRODUCT_NAME = "$(TARGET_NAME)";
				SWIFT_VERSION = 3.0;
			};
			name = Debug;
		};
		74DFF3E81F2A4FB40059E6C7 /* Release */ = {
			isa = XCBuildConfiguration;
			buildSettings = {
				ASSETCATALOG_COMPILER_APPICON_NAME = AppIcon;
				DEVELOPMENT_TEAM = WX8P85V54A;
				INFOPLIST_FILE = AidKit/Info.plist;
				LD_RUNPATH_SEARCH_PATHS = "$(inherited) @executable_path/Frameworks";
				PRODUCT_BUNDLE_IDENTIFIER = com.NativeNCreative.AidKit.AidKit;
				PRODUCT_NAME = "$(TARGET_NAME)";
				SWIFT_VERSION = 3.0;
			};
			name = Release;
		};
		74DFF3EA1F2A4FB40059E6C7 /* Debug */ = {
			isa = XCBuildConfiguration;
			buildSettings = {
				ALWAYS_EMBED_SWIFT_STANDARD_LIBRARIES = YES;
				BUNDLE_LOADER = "$(TEST_HOST)";
				DEVELOPMENT_TEAM = WX8P85V54A;
				INFOPLIST_FILE = AidKitTests/Info.plist;
				LD_RUNPATH_SEARCH_PATHS = "$(inherited) @executable_path/Frameworks @loader_path/Frameworks";
				PRODUCT_BUNDLE_IDENTIFIER = com.NativeNCreative.AidKit.AidKitTests;
				PRODUCT_NAME = "$(TARGET_NAME)";
				SWIFT_VERSION = 3.0;
				TEST_HOST = "$(BUILT_PRODUCTS_DIR)/AidKit.app/AidKit";
			};
			name = Debug;
		};
		74DFF3EB1F2A4FB40059E6C7 /* Release */ = {
			isa = XCBuildConfiguration;
			buildSettings = {
				ALWAYS_EMBED_SWIFT_STANDARD_LIBRARIES = YES;
				BUNDLE_LOADER = "$(TEST_HOST)";
				DEVELOPMENT_TEAM = WX8P85V54A;
				INFOPLIST_FILE = AidKitTests/Info.plist;
				LD_RUNPATH_SEARCH_PATHS = "$(inherited) @executable_path/Frameworks @loader_path/Frameworks";
				PRODUCT_BUNDLE_IDENTIFIER = com.NativeNCreative.AidKit.AidKitTests;
				PRODUCT_NAME = "$(TARGET_NAME)";
				SWIFT_VERSION = 3.0;
				TEST_HOST = "$(BUILT_PRODUCTS_DIR)/AidKit.app/AidKit";
			};
			name = Release;
		};
		74DFF3ED1F2A4FB40059E6C7 /* Debug */ = {
			isa = XCBuildConfiguration;
			buildSettings = {
				ALWAYS_EMBED_SWIFT_STANDARD_LIBRARIES = YES;
				DEVELOPMENT_TEAM = WX8P85V54A;
				INFOPLIST_FILE = AidKitUITests/Info.plist;
				LD_RUNPATH_SEARCH_PATHS = "$(inherited) @executable_path/Frameworks @loader_path/Frameworks";
				PRODUCT_BUNDLE_IDENTIFIER = com.NativeNCreative.AidKit.AidKitUITests;
				PRODUCT_NAME = "$(TARGET_NAME)";
				SWIFT_VERSION = 3.0;
				TEST_TARGET_NAME = AidKit;
			};
			name = Debug;
		};
		74DFF3EE1F2A4FB40059E6C7 /* Release */ = {
			isa = XCBuildConfiguration;
			buildSettings = {
				ALWAYS_EMBED_SWIFT_STANDARD_LIBRARIES = YES;
				DEVELOPMENT_TEAM = WX8P85V54A;
				INFOPLIST_FILE = AidKitUITests/Info.plist;
				LD_RUNPATH_SEARCH_PATHS = "$(inherited) @executable_path/Frameworks @loader_path/Frameworks";
				PRODUCT_BUNDLE_IDENTIFIER = com.NativeNCreative.AidKit.AidKitUITests;
				PRODUCT_NAME = "$(TARGET_NAME)";
				SWIFT_VERSION = 3.0;
				TEST_TARGET_NAME = AidKit;
			};
			name = Release;
		};
/* End XCBuildConfiguration section */

/* Begin XCConfigurationList section */
		74DFF3B91F2A4FB40059E6C7 /* Build configuration list for PBXProject "AidKit" */ = {
			isa = XCConfigurationList;
			buildConfigurations = (
				74DFF3E41F2A4FB40059E6C7 /* Debug */,
				74DFF3E51F2A4FB40059E6C7 /* Release */,
			);
			defaultConfigurationIsVisible = 0;
			defaultConfigurationName = Release;
		};
		74DFF3E61F2A4FB40059E6C7 /* Build configuration list for PBXNativeTarget "AidKit" */ = {
			isa = XCConfigurationList;
			buildConfigurations = (
				74DFF3E71F2A4FB40059E6C7 /* Debug */,
				74DFF3E81F2A4FB40059E6C7 /* Release */,
			);
			defaultConfigurationIsVisible = 0;
			defaultConfigurationName = Release;
		};
		74DFF3E91F2A4FB40059E6C7 /* Build configuration list for PBXNativeTarget "AidKitTests" */ = {
			isa = XCConfigurationList;
			buildConfigurations = (
				74DFF3EA1F2A4FB40059E6C7 /* Debug */,
				74DFF3EB1F2A4FB40059E6C7 /* Release */,
			);
			defaultConfigurationIsVisible = 0;
			defaultConfigurationName = Release;
		};
		74DFF3EC1F2A4FB40059E6C7 /* Build configuration list for PBXNativeTarget "AidKitUITests" */ = {
			isa = XCConfigurationList;
			buildConfigurations = (
				74DFF3ED1F2A4FB40059E6C7 /* Debug */,
				74DFF3EE1F2A4FB40059E6C7 /* Release */,
			);
			defaultConfigurationIsVisible = 0;
			defaultConfigurationName = Release;
		};
/* End XCConfigurationList section */
	};
	rootObject = 74DFF3B61F2A4FB40059E6C7 /* Project object */;
}
